// !$*UTF8*$!
{
	archiveVersion = 1;
	classes = {
	};
	objectVersion = 56;
	objects = {

/* Begin PBXBuildFile section */
		FE6F8CFD2947CD190068BFAA /* AppDelegate.swift in Sources */ = {isa = PBXBuildFile; fileRef = FE6F8CFC2947CD190068BFAA /* AppDelegate.swift */; };
		FE6F8CFF2947CD190068BFAA /* SceneDelegate.swift in Sources */ = {isa = PBXBuildFile; fileRef = FE6F8CFE2947CD190068BFAA /* SceneDelegate.swift */; };
		FE6F8D012947CD190068BFAA /* ViewController.swift in Sources */ = {isa = PBXBuildFile; fileRef = FE6F8D002947CD190068BFAA /* ViewController.swift */; };
		FE6F8D042947CD190068BFAA /* Main.storyboard in Resources */ = {isa = PBXBuildFile; fileRef = FE6F8D022947CD190068BFAA /* Main.storyboard */; };
		FE6F8D062947CD1A0068BFAA /* Assets.xcassets in Resources */ = {isa = PBXBuildFile; fileRef = FE6F8D052947CD1A0068BFAA /* Assets.xcassets */; };
		FE6F8D092947CD1A0068BFAA /* LaunchScreen.storyboard in Resources */ = {isa = PBXBuildFile; fileRef = FE6F8D072947CD1A0068BFAA /* LaunchScreen.storyboard */; };
		FE6F8D142947CD1B0068BFAA /* cellFunTests.swift in Sources */ = {isa = PBXBuildFile; fileRef = FE6F8D132947CD1B0068BFAA /* cellFunTests.swift */; };
		FE6F8D1E2947CD1B0068BFAA /* cellFunUITests.swift in Sources */ = {isa = PBXBuildFile; fileRef = FE6F8D1D2947CD1B0068BFAA /* cellFunUITests.swift */; };
		FE6F8D202947CD1B0068BFAA /* cellFunUITestsLaunchTests.swift in Sources */ = {isa = PBXBuildFile; fileRef = FE6F8D1F2947CD1B0068BFAA /* cellFunUITestsLaunchTests.swift */; };
/* End PBXBuildFile section */

/* Begin PBXContainerItemProxy section */
		FE6F8D102947CD1B0068BFAA /* PBXContainerItemProxy */ = {
			isa = PBXContainerItemProxy;
			containerPortal = FE6F8CF12947CD190068BFAA /* Project object */;
			proxyType = 1;
			remoteGlobalIDString = FE6F8CF82947CD190068BFAA;
			remoteInfo = cellFun;
		};
		FE6F8D1A2947CD1B0068BFAA /* PBXContainerItemProxy */ = {
			isa = PBXContainerItemProxy;
			containerPortal = FE6F8CF12947CD190068BFAA /* Project object */;
			proxyType = 1;
			remoteGlobalIDString = FE6F8CF82947CD190068BFAA;
			remoteInfo = cellFun;
		};
/* End PBXContainerItemProxy section */

/* Begin PBXFileReference section */
		FE6F8CF92947CD190068BFAA /* cellFun.app */ = {isa = PBXFileReference; explicitFileType = wrapper.application; includeInIndex = 0; path = cellFun.app; sourceTree = BUILT_PRODUCTS_DIR; };
		FE6F8CFC2947CD190068BFAA /* AppDelegate.swift */ = {isa = PBXFileReference; lastKnownFileType = sourcecode.swift; path = AppDelegate.swift; sourceTree = "<group>"; };
		FE6F8CFE2947CD190068BFAA /* SceneDelegate.swift */ = {isa = PBXFileReference; lastKnownFileType = sourcecode.swift; path = SceneDelegate.swift; sourceTree = "<group>"; };
		FE6F8D002947CD190068BFAA /* ViewController.swift */ = {isa = PBXFileReference; lastKnownFileType = sourcecode.swift; path = ViewController.swift; sourceTree = "<group>"; };
		FE6F8D032947CD190068BFAA /* Base */ = {isa = PBXFileReference; lastKnownFileType = file.storyboard; name = Base; path = Base.lproj/Main.storyboard; sourceTree = "<group>"; };
		FE6F8D052947CD1A0068BFAA /* Assets.xcassets */ = {isa = PBXFileReference; lastKnownFileType = folder.assetcatalog; path = Assets.xcassets; sourceTree = "<group>"; };
		FE6F8D082947CD1A0068BFAA /* Base */ = {isa = PBXFileReference; lastKnownFileType = file.storyboard; name = Base; path = Base.lproj/LaunchScreen.storyboard; sourceTree = "<group>"; };
		FE6F8D0A2947CD1A0068BFAA /* Info.plist */ = {isa = PBXFileReference; lastKnownFileType = text.plist.xml; path = Info.plist; sourceTree = "<group>"; };
		FE6F8D0F2947CD1B0068BFAA /* cellFunTests.xctest */ = {isa = PBXFileReference; explicitFileType = wrapper.cfbundle; includeInIndex = 0; path = cellFunTests.xctest; sourceTree = BUILT_PRODUCTS_DIR; };
		FE6F8D132947CD1B0068BFAA /* cellFunTests.swift */ = {isa = PBXFileReference; lastKnownFileType = sourcecode.swift; path = cellFunTests.swift; sourceTree = "<group>"; };
		FE6F8D192947CD1B0068BFAA /* cellFunUITests.xctest */ = {isa = PBXFileReference; explicitFileType = wrapper.cfbundle; includeInIndex = 0; path = cellFunUITests.xctest; sourceTree = BUILT_PRODUCTS_DIR; };
		FE6F8D1D2947CD1B0068BFAA /* cellFunUITests.swift */ = {isa = PBXFileReference; lastKnownFileType = sourcecode.swift; path = cellFunUITests.swift; sourceTree = "<group>"; };
		FE6F8D1F2947CD1B0068BFAA /* cellFunUITestsLaunchTests.swift */ = {isa = PBXFileReference; lastKnownFileType = sourcecode.swift; path = cellFunUITestsLaunchTests.swift; sourceTree = "<group>"; };
/* End PBXFileReference section */

/* Begin PBXFrameworksBuildPhase section */
		FE6F8CF62947CD190068BFAA /* Frameworks */ = {
			isa = PBXFrameworksBuildPhase;
			buildActionMask = 2147483647;
			files = (
			);
			runOnlyForDeploymentPostprocessing = 0;
		};
		FE6F8D0C2947CD1B0068BFAA /* Frameworks */ = {
			isa = PBXFrameworksBuildPhase;
			buildActionMask = 2147483647;
			files = (
			);
			runOnlyForDeploymentPostprocessing = 0;
		};
		FE6F8D162947CD1B0068BFAA /* Frameworks */ = {
			isa = PBXFrameworksBuildPhase;
			buildActionMask = 2147483647;
			files = (
			);
			runOnlyForDeploymentPostprocessing = 0;
		};
/* End PBXFrameworksBuildPhase section */

/* Begin PBXGroup section */
		FE6F8CF02947CD190068BFAA = {
			isa = PBXGroup;
			children = (
				FE6F8CFB2947CD190068BFAA /* cellFun */,
				FE6F8D122947CD1B0068BFAA /* cellFunTests */,
				FE6F8D1C2947CD1B0068BFAA /* cellFunUITests */,
				FE6F8CFA2947CD190068BFAA /* Products */,
			);
			sourceTree = "<group>";
		};
		FE6F8CFA2947CD190068BFAA /* Products */ = {
			isa = PBXGroup;
			children = (
				FE6F8CF92947CD190068BFAA /* cellFun.app */,
				FE6F8D0F2947CD1B0068BFAA /* cellFunTests.xctest */,
				FE6F8D192947CD1B0068BFAA /* cellFunUITests.xctest */,
			);
			name = Products;
			sourceTree = "<group>";
		};
		FE6F8CFB2947CD190068BFAA /* cellFun */ = {
			isa = PBXGroup;
			children = (
				FE6F8CFC2947CD190068BFAA /* AppDelegate.swift */,
				FE6F8CFE2947CD190068BFAA /* SceneDelegate.swift */,
				FE6F8D002947CD190068BFAA /* ViewController.swift */,
				FE6F8D022947CD190068BFAA /* Main.storyboard */,
				FE6F8D052947CD1A0068BFAA /* Assets.xcassets */,
				FE6F8D072947CD1A0068BFAA /* LaunchScreen.storyboard */,
				FE6F8D0A2947CD1A0068BFAA /* Info.plist */,
			);
			path = cellFun;
			sourceTree = "<group>";
		};
		FE6F8D122947CD1B0068BFAA /* cellFunTests */ = {
			isa = PBXGroup;
			children = (
				FE6F8D132947CD1B0068BFAA /* cellFunTests.swift */,
			);
			path = cellFunTests;
			sourceTree = "<group>";
		};
		FE6F8D1C2947CD1B0068BFAA /* cellFunUITests */ = {
			isa = PBXGroup;
			children = (
				FE6F8D1D2947CD1B0068BFAA /* cellFunUITests.swift */,
				FE6F8D1F2947CD1B0068BFAA /* cellFunUITestsLaunchTests.swift */,
			);
			path = cellFunUITests;
			sourceTree = "<group>";
		};
/* End PBXGroup section */

/* Begin PBXNativeTarget section */
		FE6F8CF82947CD190068BFAA /* cellFun */ = {
			isa = PBXNativeTarget;
			buildConfigurationList = FE6F8D232947CD1B0068BFAA /* Build configuration list for PBXNativeTarget "cellFun" */;
			buildPhases = (
				FE6F8CF52947CD190068BFAA /* Sources */,
				FE6F8CF62947CD190068BFAA /* Frameworks */,
				FE6F8CF72947CD190068BFAA /* Resources */,
			);
			buildRules = (
			);
			dependencies = (
			);
			name = cellFun;
			productName = cellFun;
			productReference = FE6F8CF92947CD190068BFAA /* cellFun.app */;
			productType = "com.apple.product-type.application";
		};
		FE6F8D0E2947CD1B0068BFAA /* cellFunTests */ = {
			isa = PBXNativeTarget;
			buildConfigurationList = FE6F8D262947CD1B0068BFAA /* Build configuration list for PBXNativeTarget "cellFunTests" */;
			buildPhases = (
				FE6F8D0B2947CD1B0068BFAA /* Sources */,
				FE6F8D0C2947CD1B0068BFAA /* Frameworks */,
				FE6F8D0D2947CD1B0068BFAA /* Resources */,
			);
			buildRules = (
			);
			dependencies = (
				FE6F8D112947CD1B0068BFAA /* PBXTargetDependency */,
			);
			name = cellFunTests;
			productName = cellFunTests;
			productReference = FE6F8D0F2947CD1B0068BFAA /* cellFunTests.xctest */;
			productType = "com.apple.product-type.bundle.unit-test";
		};
		FE6F8D182947CD1B0068BFAA /* cellFunUITests */ = {
			isa = PBXNativeTarget;
			buildConfigurationList = FE6F8D292947CD1B0068BFAA /* Build configuration list for PBXNativeTarget "cellFunUITests" */;
			buildPhases = (
				FE6F8D152947CD1B0068BFAA /* Sources */,
				FE6F8D162947CD1B0068BFAA /* Frameworks */,
				FE6F8D172947CD1B0068BFAA /* Resources */,
			);
			buildRules = (
			);
			dependencies = (
				FE6F8D1B2947CD1B0068BFAA /* PBXTargetDependency */,
			);
			name = cellFunUITests;
			productName = cellFunUITests;
			productReference = FE6F8D192947CD1B0068BFAA /* cellFunUITests.xctest */;
			productType = "com.apple.product-type.bundle.ui-testing";
		};
/* End PBXNativeTarget section */

/* Begin PBXProject section */
		FE6F8CF12947CD190068BFAA /* Project object */ = {
			isa = PBXProject;
			attributes = {
				BuildIndependentTargetsInParallel = 1;
				LastSwiftUpdateCheck = 1410;
				LastUpgradeCheck = 1410;
				TargetAttributes = {
					FE6F8CF82947CD190068BFAA = {
						CreatedOnToolsVersion = 14.1;
					};
					FE6F8D0E2947CD1B0068BFAA = {
						CreatedOnToolsVersion = 14.1;
						TestTargetID = FE6F8CF82947CD190068BFAA;
					};
					FE6F8D182947CD1B0068BFAA = {
						CreatedOnToolsVersion = 14.1;
						TestTargetID = FE6F8CF82947CD190068BFAA;
					};
				};
			};
			buildConfigurationList = FE6F8CF42947CD190068BFAA /* Build configuration list for PBXProject "cellFun" */;
			compatibilityVersion = "Xcode 14.0";
			developmentRegion = en;
			hasScannedForEncodings = 0;
			knownRegions = (
				en,
				Base,
			);
			mainGroup = FE6F8CF02947CD190068BFAA;
			productRefGroup = FE6F8CFA2947CD190068BFAA /* Products */;
			projectDirPath = "";
			projectRoot = "";
			targets = (
				FE6F8CF82947CD190068BFAA /* cellFun */,
				FE6F8D0E2947CD1B0068BFAA /* cellFunTests */,
				FE6F8D182947CD1B0068BFAA /* cellFunUITests */,
			);
		};
/* End PBXProject section */

/* Begin PBXResourcesBuildPhase section */
		FE6F8CF72947CD190068BFAA /* Resources */ = {
			isa = PBXResourcesBuildPhase;
			buildActionMask = 2147483647;
			files = (
				FE6F8D092947CD1A0068BFAA /* LaunchScreen.storyboard in Resources */,
				FE6F8D062947CD1A0068BFAA /* Assets.xcassets in Resources */,
				FE6F8D042947CD190068BFAA /* Main.storyboard in Resources */,
			);
			runOnlyForDeploymentPostprocessing = 0;
		};
		FE6F8D0D2947CD1B0068BFAA /* Resources */ = {
			isa = PBXResourcesBuildPhase;
			buildActionMask = 2147483647;
			files = (
			);
			runOnlyForDeploymentPostprocessing = 0;
		};
		FE6F8D172947CD1B0068BFAA /* Resources */ = {
			isa = PBXResourcesBuildPhase;
			buildActionMask = 2147483647;
			files = (
			);
			runOnlyForDeploymentPostprocessing = 0;
		};
/* End PBXResourcesBuildPhase section */

/* Begin PBXSourcesBuildPhase section */
		FE6F8CF52947CD190068BFAA /* Sources */ = {
			isa = PBXSourcesBuildPhase;
			buildActionMask = 2147483647;
			files = (
				FE6F8D012947CD190068BFAA /* ViewController.swift in Sources */,
				FE6F8CFD2947CD190068BFAA /* AppDelegate.swift in Sources */,
				FE6F8CFF2947CD190068BFAA /* SceneDelegate.swift in Sources */,
			);
			runOnlyForDeploymentPostprocessing = 0;
		};
		FE6F8D0B2947CD1B0068BFAA /* Sources */ = {
			isa = PBXSourcesBuildPhase;
			buildActionMask = 2147483647;
			files = (
				FE6F8D142947CD1B0068BFAA /* cellFunTests.swift in Sources */,
			);
			runOnlyForDeploymentPostprocessing = 0;
		};
		FE6F8D152947CD1B0068BFAA /* Sources */ = {
			isa = PBXSourcesBuildPhase;
			buildActionMask = 2147483647;
			files = (
				FE6F8D202947CD1B0068BFAA /* cellFunUITestsLaunchTests.swift in Sources */,
				FE6F8D1E2947CD1B0068BFAA /* cellFunUITests.swift in Sources */,
			);
			runOnlyForDeploymentPostprocessing = 0;
		};
/* End PBXSourcesBuildPhase section */

/* Begin PBXTargetDependency section */
		FE6F8D112947CD1B0068BFAA /* PBXTargetDependency */ = {
			isa = PBXTargetDependency;
			target = FE6F8CF82947CD190068BFAA /* cellFun */;
			targetProxy = FE6F8D102947CD1B0068BFAA /* PBXContainerItemProxy */;
		};
		FE6F8D1B2947CD1B0068BFAA /* PBXTargetDependency */ = {
			isa = PBXTargetDependency;
			target = FE6F8CF82947CD190068BFAA /* cellFun */;
			targetProxy = FE6F8D1A2947CD1B0068BFAA /* PBXContainerItemProxy */;
		};
/* End PBXTargetDependency section */

/* Begin PBXVariantGroup section */
		FE6F8D022947CD190068BFAA /* Main.storyboard */ = {
			isa = PBXVariantGroup;
			children = (
				FE6F8D032947CD190068BFAA /* Base */,
			);
			name = Main.storyboard;
			sourceTree = "<group>";
		};
		FE6F8D072947CD1A0068BFAA /* LaunchScreen.storyboard */ = {
			isa = PBXVariantGroup;
			children = (
				FE6F8D082947CD1A0068BFAA /* Base */,
			);
			name = LaunchScreen.storyboard;
			sourceTree = "<group>";
		};
/* End PBXVariantGroup section */

/* Begin XCBuildConfiguration section */
		FE6F8D212947CD1B0068BFAA /* Debug */ = {
			isa = XCBuildConfiguration;
			buildSettings = {
				ALWAYS_SEARCH_USER_PATHS = NO;
				CLANG_ANALYZER_NONNULL = YES;
				CLANG_ANALYZER_NUMBER_OBJECT_CONVERSION = YES_AGGRESSIVE;
				CLANG_CXX_LANGUAGE_STANDARD = "gnu++20";
				CLANG_ENABLE_MODULES = YES;
				CLANG_ENABLE_OBJC_ARC = YES;
				CLANG_ENABLE_OBJC_WEAK = YES;
				CLANG_WARN_BLOCK_CAPTURE_AUTORELEASING = YES;
				CLANG_WARN_BOOL_CONVERSION = YES;
				CLANG_WARN_COMMA = YES;
				CLANG_WARN_CONSTANT_CONVERSION = YES;
				CLANG_WARN_DEPRECATED_OBJC_IMPLEMENTATIONS = YES;
				CLANG_WARN_DIRECT_OBJC_ISA_USAGE = YES_ERROR;
				CLANG_WARN_DOCUMENTATION_COMMENTS = YES;
				CLANG_WARN_EMPTY_BODY = YES;
				CLANG_WARN_ENUM_CONVERSION = YES;
				CLANG_WARN_INFINITE_RECURSION = YES;
				CLANG_WARN_INT_CONVERSION = YES;
				CLANG_WARN_NON_LITERAL_NULL_CONVERSION = YES;
				CLANG_WARN_OBJC_IMPLICIT_RETAIN_SELF = YES;
				CLANG_WARN_OBJC_LITERAL_CONVERSION = YES;
				CLANG_WARN_OBJC_ROOT_CLASS = YES_ERROR;
				CLANG_WARN_QUOTED_INCLUDE_IN_FRAMEWORK_HEADER = YES;
				CLANG_WARN_RANGE_LOOP_ANALYSIS = YES;
				CLANG_WARN_STRICT_PROTOTYPES = YES;
				CLANG_WARN_SUSPICIOUS_MOVE = YES;
				CLANG_WARN_UNGUARDED_AVAILABILITY = YES_AGGRESSIVE;
				CLANG_WARN_UNREACHABLE_CODE = YES;
				CLANG_WARN__DUPLICATE_METHOD_MATCH = YES;
				COPY_PHASE_STRIP = NO;
				DEBUG_INFORMATION_FORMAT = dwarf;
				ENABLE_STRICT_OBJC_MSGSEND = YES;
				ENABLE_TESTABILITY = YES;
				GCC_C_LANGUAGE_STANDARD = gnu11;
				GCC_DYNAMIC_NO_PIC = NO;
				GCC_NO_COMMON_BLOCKS = YES;
				GCC_OPTIMIZATION_LEVEL = 0;
				GCC_PREPROCESSOR_DEFINITIONS = (
					"DEBUG=1",
					"$(inherited)",
				);
				GCC_WARN_64_TO_32_BIT_CONVERSION = YES;
				GCC_WARN_ABOUT_RETURN_TYPE = YES_ERROR;
				GCC_WARN_UNDECLARED_SELECTOR = YES;
				GCC_WARN_UNINITIALIZED_AUTOS = YES_AGGRESSIVE;
				GCC_WARN_UNUSED_FUNCTION = YES;
				GCC_WARN_UNUSED_VARIABLE = YES;
				IPHONEOS_DEPLOYMENT_TARGET = 16.1;
				MTL_ENABLE_DEBUG_INFO = INCLUDE_SOURCE;
				MTL_FAST_MATH = YES;
				ONLY_ACTIVE_ARCH = YES;
				SDKROOT = iphoneos;
				SWIFT_ACTIVE_COMPILATION_CONDITIONS = DEBUG;
				SWIFT_OPTIMIZATION_LEVEL = "-Onone";
			};
			name = Debug;
		};
		FE6F8D222947CD1B0068BFAA /* Release */ = {
			isa = XCBuildConfiguration;
			buildSettings = {
				ALWAYS_SEARCH_USER_PATHS = NO;
				CLANG_ANALYZER_NONNULL = YES;
				CLANG_ANALYZER_NUMBER_OBJECT_CONVERSION = YES_AGGRESSIVE;
				CLANG_CXX_LANGUAGE_STANDARD = "gnu++20";
				CLANG_ENABLE_MODULES = YES;
				CLANG_ENABLE_OBJC_ARC = YES;
				CLANG_ENABLE_OBJC_WEAK = YES;
				CLANG_WARN_BLOCK_CAPTURE_AUTORELEASING = YES;
				CLANG_WARN_BOOL_CONVERSION = YES;
				CLANG_WARN_COMMA = YES;
				CLANG_WARN_CONSTANT_CONVERSION = YES;
				CLANG_WARN_DEPRECATED_OBJC_IMPLEMENTATIONS = YES;
				CLANG_WARN_DIRECT_OBJC_ISA_USAGE = YES_ERROR;
				CLANG_WARN_DOCUMENTATION_COMMENTS = YES;
				CLANG_WARN_EMPTY_BODY = YES;
				CLANG_WARN_ENUM_CONVERSION = YES;
				CLANG_WARN_INFINITE_RECURSION = YES;
				CLANG_WARN_INT_CONVERSION = YES;
				CLANG_WARN_NON_LITERAL_NULL_CONVERSION = YES;
				CLANG_WARN_OBJC_IMPLICIT_RETAIN_SELF = YES;
				CLANG_WARN_OBJC_LITERAL_CONVERSION = YES;
				CLANG_WARN_OBJC_ROOT_CLASS = YES_ERROR;
				CLANG_WARN_QUOTED_INCLUDE_IN_FRAMEWORK_HEADER = YES;
				CLANG_WARN_RANGE_LOOP_ANALYSIS = YES;
				CLANG_WARN_STRICT_PROTOTYPES = YES;
				CLANG_WARN_SUSPICIOUS_MOVE = YES;
				CLANG_WARN_UNGUARDED_AVAILABILITY = YES_AGGRESSIVE;
				CLANG_WARN_UNREACHABLE_CODE = YES;
				CLANG_WARN__DUPLICATE_METHOD_MATCH = YES;
				COPY_PHASE_STRIP = NO;
				DEBUG_INFORMATION_FORMAT = "dwarf-with-dsym";
				ENABLE_NS_ASSERTIONS = NO;
				ENABLE_STRICT_OBJC_MSGSEND = YES;
				GCC_C_LANGUAGE_STANDARD = gnu11;
				GCC_NO_COMMON_BLOCKS = YES;
				GCC_WARN_64_TO_32_BIT_CONVERSION = YES;
				GCC_WARN_ABOUT_RETURN_TYPE = YES_ERROR;
				GCC_WARN_UNDECLARED_SELECTOR = YES;
				GCC_WARN_UNINITIALIZED_AUTOS = YES_AGGRESSIVE;
				GCC_WARN_UNUSED_FUNCTION = YES;
				GCC_WARN_UNUSED_VARIABLE = YES;
				IPHONEOS_DEPLOYMENT_TARGET = 16.1;
				MTL_ENABLE_DEBUG_INFO = NO;
				MTL_FAST_MATH = YES;
				SDKROOT = iphoneos;
				SWIFT_COMPILATION_MODE = wholemodule;
				SWIFT_OPTIMIZATION_LEVEL = "-O";
				VALIDATE_PRODUCT = YES;
			};
			name = Release;
		};
		FE6F8D242947CD1B0068BFAA /* Debug */ = {
			isa = XCBuildConfiguration;
			buildSettings = {
				ASSETCATALOG_COMPILER_APPICON_NAME = AppIcon;
				ASSETCATALOG_COMPILER_GLOBAL_ACCENT_COLOR_NAME = AccentColor;
				CODE_SIGN_STYLE = Automatic;
				CURRENT_PROJECT_VERSION = 1;
				GENERATE_INFOPLIST_FILE = YES;
				INFOPLIST_FILE = cellFun/Info.plist;
				INFOPLIST_KEY_UIApplicationSupportsIndirectInputEvents = YES;
				INFOPLIST_KEY_UILaunchStoryboardName = LaunchScreen;
				INFOPLIST_KEY_UIMainStoryboardFile = Main;
				INFOPLIST_KEY_UISupportedInterfaceOrientations_iPad = "UIInterfaceOrientationPortrait UIInterfaceOrientationPortraitUpsideDown UIInterfaceOrientationLandscapeLeft UIInterfaceOrientationLandscapeRight";
				INFOPLIST_KEY_UISupportedInterfaceOrientations_iPhone = "UIInterfaceOrientationPortrait UIInterfaceOrientationLandscapeLeft UIInterfaceOrientationLandscapeRight";
				LD_RUNPATH_SEARCH_PATHS = (
					"$(inherited)",
					"@executable_path/Frameworks",
				);
				MARKETING_VERSION = 1.0;
				PRODUCT_BUNDLE_IDENTIFIER = "test-yzuo.cellFun";
				PRODUCT_NAME = "$(TARGET_NAME)";
				SWIFT_EMIT_LOC_STRINGS = YES;
				SWIFT_VERSION = 5.0;
				TARGETED_DEVICE_FAMILY = "1,2";
			};
			name = Debug;
		};
		FE6F8D252947CD1B0068BFAA /* Release */ = {
			isa = XCBuildConfiguration;
			buildSettings = {
				ASSETCATALOG_COMPILER_APPICON_NAME = AppIcon;
				ASSETCATALOG_COMPILER_GLOBAL_ACCENT_COLOR_NAME = AccentColor;
				CODE_SIGN_STYLE = Automatic;
				CURRENT_PROJECT_VERSION = 1;
				GENERATE_INFOPLIST_FILE = YES;
				INFOPLIST_FILE = cellFun/Info.plist;
				INFOPLIST_KEY_UIApplicationSupportsIndirectInputEvents = YES;
				INFOPLIST_KEY_UILaunchStoryboardName = LaunchScreen;
				INFOPLIST_KEY_UIMainStoryboardFile = Main;
				INFOPLIST_KEY_UISupportedInterfaceOrientations_iPad = "UIInterfaceOrientationPortrait UIInterfaceOrientationPortraitUpsideDown UIInterfaceOrientationLandscapeLeft UIInterfaceOrientationLandscapeRight";
				INFOPLIST_KEY_UISupportedInterfaceOrientations_iPhone = "UIInterfaceOrientationPortrait UIInterfaceOrientationLandscapeLeft UIInterfaceOrientationLandscapeRight";
				LD_RUNPATH_SEARCH_PATHS = (
					"$(inherited)",
					"@executable_path/Frameworks",
				);
				MARKETING_VERSION = 1.0;
				PRODUCT_BUNDLE_IDENTIFIER = "test-yzuo.cellFun";
				PRODUCT_NAME = "$(TARGET_NAME)";
				SWIFT_EMIT_LOC_STRINGS = YES;
				SWIFT_VERSION = 5.0;
				TARGETED_DEVICE_FAMILY = "1,2";
			};
			name = Release;
		};
		FE6F8D272947CD1B0068BFAA /* Debug */ = {
			isa = XCBuildConfiguration;
			buildSettings = {
				ALWAYS_EMBED_SWIFT_STANDARD_LIBRARIES = YES;
				BUNDLE_LOADER = "$(TEST_HOST)";
				CODE_SIGN_STYLE = Automatic;
				CURRENT_PROJECT_VERSION = 1;
				GENERATE_INFOPLIST_FILE = YES;
				IPHONEOS_DEPLOYMENT_TARGET = 16.1;
				MARKETING_VERSION = 1.0;
				PRODUCT_BUNDLE_IDENTIFIER = "test-yzuo.cellFunTests";
				PRODUCT_NAME = "$(TARGET_NAME)";
				SWIFT_EMIT_LOC_STRINGS = NO;
				SWIFT_VERSION = 5.0;
				TARGETED_DEVICE_FAMILY = "1,2";
				TEST_HOST = "$(BUILT_PRODUCTS_DIR)/cellFun.app/$(BUNDLE_EXECUTABLE_FOLDER_PATH)/cellFun";
			};
			name = Debug;
		};
		FE6F8D282947CD1B0068BFAA /* Release */ = {
			isa = XCBuildConfiguration;
			buildSettings = {
				ALWAYS_EMBED_SWIFT_STANDARD_LIBRARIES = YES;
				BUNDLE_LOADER = "$(TEST_HOST)";
				CODE_SIGN_STYLE = Automatic;
				CURRENT_PROJECT_VERSION = 1;
				GENERATE_INFOPLIST_FILE = YES;
				IPHONEOS_DEPLOYMENT_TARGET = 16.1;
				MARKETING_VERSION = 1.0;
				PRODUCT_BUNDLE_IDENTIFIER = "test-yzuo.cellFunTests";
				PRODUCT_NAME = "$(TARGET_NAME)";
				SWIFT_EMIT_LOC_STRINGS = NO;
				SWIFT_VERSION = 5.0;
				TARGETED_DEVICE_FAMILY = "1,2";
				TEST_HOST = "$(BUILT_PRODUCTS_DIR)/cellFun.app/$(BUNDLE_EXECUTABLE_FOLDER_PATH)/cellFun";
			};
			name = Release;
		};
		FE6F8D2A2947CD1B0068BFAA /* Debug */ = {
			isa = XCBuildConfiguration;
			buildSettings = {
				ALWAYS_EMBED_SWIFT_STANDARD_LIBRARIES = YES;
				CODE_SIGN_STYLE = Automatic;
				CURRENT_PROJECT_VERSION = 1;
				GENERATE_INFOPLIST_FILE = YES;
				MARKETING_VERSION = 1.0;
				PRODUCT_BUNDLE_IDENTIFIER = "test-yzuo.cellFunUITests";
				PRODUCT_NAME = "$(TARGET_NAME)";
				SWIFT_EMIT_LOC_STRINGS = NO;
				SWIFT_VERSION = 5.0;
				TARGETED_DEVICE_FAMILY = "1,2";
				TEST_TARGET_NAME = cellFun;
			};
			name = Debug;
		};
		FE6F8D2B2947CD1B0068BFAA /* Release */ = {
			isa = XCBuildConfiguration;
			buildSettings = {
				ALWAYS_EMBED_SWIFT_STANDARD_LIBRARIES = YES;
				CODE_SIGN_STYLE = Automatic;
				CURRENT_PROJECT_VERSION = 1;
				GENERATE_INFOPLIST_FILE = YES;
				MARKETING_VERSION = 1.0;
				PRODUCT_BUNDLE_IDENTIFIER = "test-yzuo.cellFunUITests";
				PRODUCT_NAME = "$(TARGET_NAME)";
				SWIFT_EMIT_LOC_STRINGS = NO;
				SWIFT_VERSION = 5.0;
				TARGETED_DEVICE_FAMILY = "1,2";
				TEST_TARGET_NAME = cellFun;
			};
			name = Release;
		};
/* End XCBuildConfiguration section */

/* Begin XCConfigurationList section */
		FE6F8CF42947CD190068BFAA /* Build configuration list for PBXProject "cellFun" */ = {
			isa = XCConfigurationList;
			buildConfigurations = (
				FE6F8D212947CD1B0068BFAA /* Debug */,
				FE6F8D222947CD1B0068BFAA /* Release */,
			);
			defaultConfigurationIsVisible = 0;
			defaultConfigurationName = Release;
		};
		FE6F8D232947CD1B0068BFAA /* Build configuration list for PBXNativeTarget "cellFun" */ = {
			isa = XCConfigurationList;
			buildConfigurations = (
				FE6F8D242947CD1B0068BFAA /* Debug */,
				FE6F8D252947CD1B0068BFAA /* Release */,
			);
			defaultConfigurationIsVisible = 0;
			defaultConfigurationName = Release;
		};
		FE6F8D262947CD1B0068BFAA /* Build configuration list for PBXNativeTarget "cellFunTests" */ = {
			isa = XCConfigurationList;
			buildConfigurations = (
				FE6F8D272947CD1B0068BFAA /* Debug */,
				FE6F8D282947CD1B0068BFAA /* Release */,
			);
			defaultConfigurationIsVisible = 0;
			defaultConfigurationName = Release;
		};
		FE6F8D292947CD1B0068BFAA /* Build configuration list for PBXNativeTarget "cellFunUITests" */ = {
			isa = XCConfigurationList;
			buildConfigurations = (
				FE6F8D2A2947CD1B0068BFAA /* Debug */,
				FE6F8D2B2947CD1B0068BFAA /* Release */,
			);
			defaultConfigurationIsVisible = 0;
			defaultConfigurationName = Release;
		};
/* End XCConfigurationList section */
	};
	rootObject = FE6F8CF12947CD190068BFAA /* Project object */;
}
